
Microsoft Visual Studio Solution File, Format Version 12.00
# Visual Studio 15
VisualStudioVersion = 15.0.28010.2048
MinimumVisualStudioVersion = 10.0.40219.1
Project("{FAE04EC0-301F-11D3-BF4B-00C04F79EFBC}") = "bfk", "bfk\bfk.csproj", "{59AE045E-9A15-4407-AB82-3358D6C8592D}"
EndProject
Global
	GlobalSection(SolutionConfigurationPlatforms) = preSolution
		Debug|Any CPU = Debug|Any CPU
		Release|Any CPU = Release|Any CPU
	EndGlobalSection
	GlobalSection(ProjectConfigurationPlatforms) = postSolution
		{59AE045E-9A15-4407-AB82-3358D6C8592D}.Debug|Any CPU.ActiveCfg = Debug|Any CPU
		{59AE045E-9A15-4407-AB82-3358D6C8592D}.Debug|Any CPU.Build.0 = Debug|Any CPU
		{59AE045E-9A15-4407-AB82-3358D6C8592D}.Release|Any CPU.ActiveCfg = Release|Any CPU
		{59AE045E-9A15-4407-AB82-3358D6C8592D}.Release|Any CPU.Build.0 = Release|Any CPU
	EndGlobalSection
	GlobalSection(SolutionProperties) = preSolution
		HideSolutionNode = FALSE
	EndGlobalSection
	GlobalSection(ExtensibilityGlobals) = postSolution
		SolutionGuid = {9E44C5A7-52D9-4E9E-A014-CB35496FC819}
	EndGlobalSection
EndGlobal
